
Microsoft Visual Studio Solution File, Format Version 12.00
# Visual Studio Version 17
VisualStudioVersion = 17.14.36511.14
MinimumVisualStudioVersion = 10.0.40219.1
Project("{FAE04EC0-301F-11D3-BF4B-00C04F79EFBC}") = "CampaignService", "CampaignService.csproj", "{46C65EF8-E906-F983-AF1C-06B40A0223F5}"
EndProject
Project("{FAE04EC0-301F-11D3-BF4B-00C04F79EFBC}") = "CampaignService_Repository", "..\CampaignService_DAL\CampaignService_Repository.csproj", "{6A11AD26-5648-40C1-BA74-0FC3192E962F}"
EndProject
Project("{FAE04EC0-301F-11D3-BF4B-00C04F79EFBC}") = "CampaignService_Service", "..\CampaignService_BLL\CampaignService_Service.csproj", "{5C44B6BA-7752-47C7-AF49-F2AC964BAA5A}"
EndProject
Global
	GlobalSection(SolutionConfigurationPlatforms) = preSolution
		Debug|Any CPU = Debug|Any CPU
		Release|Any CPU = Release|Any CPU
	EndGlobalSection
	GlobalSection(ProjectConfigurationPlatforms) = postSolution
		{46C65EF8-E906-F983-AF1C-06B40A0223F5}.Debug|Any CPU.ActiveCfg = Debug|Any CPU
		{46C65EF8-E906-F983-AF1C-06B40A0223F5}.Debug|Any CPU.Build.0 = Debug|Any CPU
		{46C65EF8-E906-F983-AF1C-06B40A0223F5}.Release|Any CPU.ActiveCfg = Release|Any CPU
		{46C65EF8-E906-F983-AF1C-06B40A0223F5}.Release|Any CPU.Build.0 = Release|Any CPU
		{6A11AD26-5648-40C1-BA74-0FC3192E962F}.Debug|Any CPU.ActiveCfg = Debug|Any CPU
		{6A11AD26-5648-40C1-BA74-0FC3192E962F}.Debug|Any CPU.Build.0 = Debug|Any CPU
		{6A11AD26-5648-40C1-BA74-0FC3192E962F}.Release|Any CPU.ActiveCfg = Release|Any CPU
		{6A11AD26-5648-40C1-BA74-0FC3192E962F}.Release|Any CPU.Build.0 = Release|Any CPU
		{5C44B6BA-7752-47C7-AF49-F2AC964BAA5A}.Debug|Any CPU.ActiveCfg = Debug|Any CPU
		{5C44B6BA-7752-47C7-AF49-F2AC964BAA5A}.Debug|Any CPU.Build.0 = Debug|Any CPU
		{5C44B6BA-7752-47C7-AF49-F2AC964BAA5A}.Release|Any CPU.ActiveCfg = Release|Any CPU
		{5C44B6BA-7752-47C7-AF49-F2AC964BAA5A}.Release|Any CPU.Build.0 = Release|Any CPU
	EndGlobalSection
	GlobalSection(SolutionProperties) = preSolution
		HideSolutionNode = FALSE
	EndGlobalSection
	GlobalSection(ExtensibilityGlobals) = postSolution
		SolutionGuid = {F596C364-BEEE-4A83-8874-A9959FA38ACF}
	EndGlobalSection
EndGlobal
